
Microsoft Visual Studio Solution File, Format Version 12.00
# Visual Studio 15
VisualStudioVersion = 15.0.27130.2010
MinimumVisualStudioVersion = 10.0.40219.1
Project("{2150E333-8FDC-42A3-9474-1A3956D46DE8}") = "src", "src", "{10D8E54E-1058-4834-A19E-64515D0E9F6D}"
EndProject
Project("{2150E333-8FDC-42A3-9474-1A3956D46DE8}") = "Solution Items", "Solution Items", "{36299440-5126-4027-8EDE-737227A0F6EE}"
EndProject
Project("{2150E333-8FDC-42A3-9474-1A3956D46DE8}") = "Hosting", "Hosting", "{C0096AF7-92B2-4ADD-80E1-E4D896C80407}"
EndProject
Project("{2150E333-8FDC-42A3-9474-1A3956D46DE8}") = "Core", "Core", "{ACCAF020-C4EB-4412-8CA3-41EB27FBDAFB}"
EndProject
Project("{2150E333-8FDC-42A3-9474-1A3956D46DE8}") = "Modules", "Modules", "{10BAC5B3-1A22-401D-90B4-146E07F71CE6}"
EndProject
Project("{2150E333-8FDC-42A3-9474-1A3956D46DE8}") = "ExtraTest", "ExtraTest", "{A969EA5A-E0AE-47E0-ADEF-53C37131F485}"
EndProject
Project("{9A19103F-16F7-4668-BE54-9A1E7A4F7556}") = "Modular.Host", "src\Modular.WebHost\Modular.Host.csproj", "{B13EC77A-FD31-4DBC-A417-F35280D86280}"
EndProject
Project("{9A19103F-16F7-4668-BE54-9A1E7A4F7556}") = "ExtraDepenencyTest", "src\ExtraTest\ExtraDepenencyTest\ExtraDepenencyTest.csproj", "{F2941F46-F442-43D5-8D60-D53E110C9FB2}"
EndProject
Project("{9A19103F-16F7-4668-BE54-9A1E7A4F7556}") = "Modular.Modules.Core", "src\Modular.WebHost\Modules\Modular.Modules.Core\Modular.Modules.Core.csproj", "{A66409CC-B69E-4355-BCA8-082A14001381}"
EndProject
Project("{9A19103F-16F7-4668-BE54-9A1E7A4F7556}") = "Modular.Modules.ModuleA", "src\Modular.WebHost\Modules\Modular.Modules.ModuleA\Modular.Modules.ModuleA.csproj", "{A14EC6A5-E979-4688-B45D-98B42076BEAF}"
EndProject
Project("{9A19103F-16F7-4668-BE54-9A1E7A4F7556}") = "Modular.Modules.ModuleB", "src\Modular.WebHost\Modules\Modular.Modules.ModuleB\Modular.Modules.ModuleB.csproj", "{D944C2FA-DAB6-4AA9-8C43-89B3A8E123B7}"
EndProject
Project("{9A19103F-16F7-4668-BE54-9A1E7A4F7556}") = "Yooshina.Modules", "src\Core\Yooshina.Modules\ClassLibrary1\Yooshina.Modules.csproj", "{0C548C6C-F096-419E-9CB4-80A32DBE92EB}"
EndProject
Project("{9A19103F-16F7-4668-BE54-9A1E7A4F7556}") = "Yooshina.Domain", "src\Core\Yooshina.Domain\Yooshina.Domain\Yooshina.Domain.csproj", "{F0417B0A-E97E-4BCC-B5A5-6ABA94CADF83}"
EndProject
Project("{2150E333-8FDC-42A3-9474-1A3956D46DE8}") = "CMSCore", "CMSCore", "{AEC790C5-192D-495C-B03D-9658C8FFF7BD}"
EndProject
Project("{9A19103F-16F7-4668-BE54-9A1E7A4F7556}") = "Yooshina.CMSCore.Service", "src\Modular.WebHost\Modules\CMSCore\Yooshina.CMSCore.Service\Yooshina.CMSCore.Service.csproj", "{1473DB7E-AC0F-4058-B503-70EE9BCBA19A}"
EndProject
Project("{9A19103F-16F7-4668-BE54-9A1E7A4F7556}") = "Yooshina.CMSCore.Web", "src\Modular.WebHost\Modules\CMSCore\Yooshina.CMSCore.Web\Yooshina.CMSCore.Web.csproj", "{FBBA7830-54F3-4E5C-9682-1547EE156426}"
EndProject
Project("{2150E333-8FDC-42A3-9474-1A3956D46DE8}") = "Others", "Others", "{D4DFEEBB-BAF1-4E85-873A-DB82D1FEB2AD}"
EndProject
Project("{9A19103F-16F7-4668-BE54-9A1E7A4F7556}") = "Yooshina.Repository", "src\Core\Yooshina.Repository\Yooshina.Repository.csproj", "{1395397D-998B-4E37-B726-8D805DD23CBD}"
EndProject
Global
	GlobalSection(SolutionConfigurationPlatforms) = preSolution
		Debug|Any CPU = Debug|Any CPU
		Release|Any CPU = Release|Any CPU
	EndGlobalSection
	GlobalSection(ProjectConfigurationPlatforms) = postSolution
		{B13EC77A-FD31-4DBC-A417-F35280D86280}.Debug|Any CPU.ActiveCfg = Debug|Any CPU
		{B13EC77A-FD31-4DBC-A417-F35280D86280}.Debug|Any CPU.Build.0 = Debug|Any CPU
		{B13EC77A-FD31-4DBC-A417-F35280D86280}.Release|Any CPU.ActiveCfg = Release|Any CPU
		{B13EC77A-FD31-4DBC-A417-F35280D86280}.Release|Any CPU.Build.0 = Release|Any CPU
		{F2941F46-F442-43D5-8D60-D53E110C9FB2}.Debug|Any CPU.ActiveCfg = Debug|Any CPU
		{F2941F46-F442-43D5-8D60-D53E110C9FB2}.Debug|Any CPU.Build.0 = Debug|Any CPU
		{F2941F46-F442-43D5-8D60-D53E110C9FB2}.Release|Any CPU.ActiveCfg = Release|Any CPU
		{F2941F46-F442-43D5-8D60-D53E110C9FB2}.Release|Any CPU.Build.0 = Release|Any CPU
		{A66409CC-B69E-4355-BCA8-082A14001381}.Debug|Any CPU.ActiveCfg = Debug|Any CPU
		{A66409CC-B69E-4355-BCA8-082A14001381}.Debug|Any CPU.Build.0 = Debug|Any CPU
		{A66409CC-B69E-4355-BCA8-082A14001381}.Release|Any CPU.ActiveCfg = Release|Any CPU
		{A66409CC-B69E-4355-BCA8-082A14001381}.Release|Any CPU.Build.0 = Release|Any CPU
		{A14EC6A5-E979-4688-B45D-98B42076BEAF}.Debug|Any CPU.ActiveCfg = Debug|Any CPU
		{A14EC6A5-E979-4688-B45D-98B42076BEAF}.Debug|Any CPU.Build.0 = Debug|Any CPU
		{A14EC6A5-E979-4688-B45D-98B42076BEAF}.Release|Any CPU.ActiveCfg = Release|Any CPU
		{A14EC6A5-E979-4688-B45D-98B42076BEAF}.Release|Any CPU.Build.0 = Release|Any CPU
		{D944C2FA-DAB6-4AA9-8C43-89B3A8E123B7}.Debug|Any CPU.ActiveCfg = Debug|Any CPU
		{D944C2FA-DAB6-4AA9-8C43-89B3A8E123B7}.Debug|Any CPU.Build.0 = Debug|Any CPU
		{D944C2FA-DAB6-4AA9-8C43-89B3A8E123B7}.Release|Any CPU.ActiveCfg = Release|Any CPU
		{D944C2FA-DAB6-4AA9-8C43-89B3A8E123B7}.Release|Any CPU.Build.0 = Release|Any CPU
		{0C548C6C-F096-419E-9CB4-80A32DBE92EB}.Debug|Any CPU.ActiveCfg = Debug|Any CPU
		{0C548C6C-F096-419E-9CB4-80A32DBE92EB}.Debug|Any CPU.Build.0 = Debug|Any CPU
		{0C548C6C-F096-419E-9CB4-80A32DBE92EB}.Release|Any CPU.ActiveCfg = Release|Any CPU
		{0C548C6C-F096-419E-9CB4-80A32DBE92EB}.Release|Any CPU.Build.0 = Release|Any CPU
		{F0417B0A-E97E-4BCC-B5A5-6ABA94CADF83}.Debug|Any CPU.ActiveCfg = Debug|Any CPU
		{F0417B0A-E97E-4BCC-B5A5-6ABA94CADF83}.Debug|Any CPU.Build.0 = Debug|Any CPU
		{F0417B0A-E97E-4BCC-B5A5-6ABA94CADF83}.Release|Any CPU.ActiveCfg = Release|Any CPU
		{F0417B0A-E97E-4BCC-B5A5-6ABA94CADF83}.Release|Any CPU.Build.0 = Release|Any CPU
		{1473DB7E-AC0F-4058-B503-70EE9BCBA19A}.Debug|Any CPU.ActiveCfg = Debug|Any CPU
		{1473DB7E-AC0F-4058-B503-70EE9BCBA19A}.Debug|Any CPU.Build.0 = Debug|Any CPU
		{1473DB7E-AC0F-4058-B503-70EE9BCBA19A}.Release|Any CPU.ActiveCfg = Release|Any CPU
		{1473DB7E-AC0F-4058-B503-70EE9BCBA19A}.Release|Any CPU.Build.0 = Release|Any CPU
		{FBBA7830-54F3-4E5C-9682-1547EE156426}.Debug|Any CPU.ActiveCfg = Debug|Any CPU
		{FBBA7830-54F3-4E5C-9682-1547EE156426}.Debug|Any CPU.Build.0 = Debug|Any CPU
		{FBBA7830-54F3-4E5C-9682-1547EE156426}.Release|Any CPU.ActiveCfg = Release|Any CPU
		{FBBA7830-54F3-4E5C-9682-1547EE156426}.Release|Any CPU.Build.0 = Release|Any CPU
		{1395397D-998B-4E37-B726-8D805DD23CBD}.Debug|Any CPU.ActiveCfg = Debug|Any CPU
		{1395397D-998B-4E37-B726-8D805DD23CBD}.Debug|Any CPU.Build.0 = Debug|Any CPU
		{1395397D-998B-4E37-B726-8D805DD23CBD}.Release|Any CPU.ActiveCfg = Release|Any CPU
		{1395397D-998B-4E37-B726-8D805DD23CBD}.Release|Any CPU.Build.0 = Release|Any CPU
	EndGlobalSection
	GlobalSection(SolutionProperties) = preSolution
		HideSolutionNode = FALSE
	EndGlobalSection
	GlobalSection(NestedProjects) = preSolution
		{C0096AF7-92B2-4ADD-80E1-E4D896C80407} = {10D8E54E-1058-4834-A19E-64515D0E9F6D}
		{ACCAF020-C4EB-4412-8CA3-41EB27FBDAFB} = {10D8E54E-1058-4834-A19E-64515D0E9F6D}
		{10BAC5B3-1A22-401D-90B4-146E07F71CE6} = {10D8E54E-1058-4834-A19E-64515D0E9F6D}
		{A969EA5A-E0AE-47E0-ADEF-53C37131F485} = {10D8E54E-1058-4834-A19E-64515D0E9F6D}
		{B13EC77A-FD31-4DBC-A417-F35280D86280} = {C0096AF7-92B2-4ADD-80E1-E4D896C80407}
		{F2941F46-F442-43D5-8D60-D53E110C9FB2} = {A969EA5A-E0AE-47E0-ADEF-53C37131F485}
		{A66409CC-B69E-4355-BCA8-082A14001381} = {D4DFEEBB-BAF1-4E85-873A-DB82D1FEB2AD}
		{A14EC6A5-E979-4688-B45D-98B42076BEAF} = {D4DFEEBB-BAF1-4E85-873A-DB82D1FEB2AD}
		{D944C2FA-DAB6-4AA9-8C43-89B3A8E123B7} = {D4DFEEBB-BAF1-4E85-873A-DB82D1FEB2AD}
		{0C548C6C-F096-419E-9CB4-80A32DBE92EB} = {ACCAF020-C4EB-4412-8CA3-41EB27FBDAFB}
		{F0417B0A-E97E-4BCC-B5A5-6ABA94CADF83} = {ACCAF020-C4EB-4412-8CA3-41EB27FBDAFB}
		{AEC790C5-192D-495C-B03D-9658C8FFF7BD} = {10BAC5B3-1A22-401D-90B4-146E07F71CE6}
		{1473DB7E-AC0F-4058-B503-70EE9BCBA19A} = {AEC790C5-192D-495C-B03D-9658C8FFF7BD}
		{FBBA7830-54F3-4E5C-9682-1547EE156426} = {AEC790C5-192D-495C-B03D-9658C8FFF7BD}
		{D4DFEEBB-BAF1-4E85-873A-DB82D1FEB2AD} = {10D8E54E-1058-4834-A19E-64515D0E9F6D}
		{1395397D-998B-4E37-B726-8D805DD23CBD} = {ACCAF020-C4EB-4412-8CA3-41EB27FBDAFB}
	EndGlobalSection
	GlobalSection(ExtensibilityGlobals) = postSolution
		SolutionGuid = {808D0F02-7A1D-4C2D-B3EC-C5FE40B6ED47}
	EndGlobalSection
EndGlobal
