
Microsoft Visual Studio Solution File, Format Version 12.00
# Visual Studio 15
VisualStudioVersion = 15.0.27130.2010
MinimumVisualStudioVersion = 10.0.40219.1
Project("{2150E333-8FDC-42A3-9474-1A3956D46DE8}") = "src", "src", "{10D8E54E-1058-4834-A19E-64515D0E9F6D}"
EndProject
Project("{2150E333-8FDC-42A3-9474-1A3956D46DE8}") = "Solution Items", "Solution Items", "{36299440-5126-4027-8EDE-737227A0F6EE}"
	ProjectSection(SolutionItems) = preProject
		README.MD = README.MD
	EndProjectSection
EndProject
Project("{2150E333-8FDC-42A3-9474-1A3956D46DE8}") = "Core", "Core", "{ACCAF020-C4EB-4412-8CA3-41EB27FBDAFB}"
EndProject
Project("{2150E333-8FDC-42A3-9474-1A3956D46DE8}") = "Modules", "Modules", "{10BAC5B3-1A22-401D-90B4-146E07F71CE6}"
EndProject
Project("{2150E333-8FDC-42A3-9474-1A3956D46DE8}") = "ExtraTest", "ExtraTest", "{A969EA5A-E0AE-47E0-ADEF-53C37131F485}"
EndProject
Project("{9A19103F-16F7-4668-BE54-9A1E7A4F7556}") = "ExtraDepenencyTest", "src\ExtraTest\ExtraDepenencyTest\ExtraDepenencyTest.csproj", "{F2941F46-F442-43D5-8D60-D53E110C9FB2}"
EndProject
Project("{9A19103F-16F7-4668-BE54-9A1E7A4F7556}") = "Yooshina.Modules", "src\Core\Yooshina.Modules\ClassLibrary1\Yooshina.Modules.csproj", "{0C548C6C-F096-419E-9CB4-80A32DBE92EB}"
EndProject
Project("{9A19103F-16F7-4668-BE54-9A1E7A4F7556}") = "Yooshina.Domain", "src\Core\Yooshina.Domain\Yooshina.Domain\Yooshina.Domain.csproj", "{F0417B0A-E97E-4BCC-B5A5-6ABA94CADF83}"
EndProject
Project("{2150E333-8FDC-42A3-9474-1A3956D46DE8}") = "CMSCore", "CMSCore", "{AEC790C5-192D-495C-B03D-9658C8FFF7BD}"
EndProject
Project("{9A19103F-16F7-4668-BE54-9A1E7A4F7556}") = "Yooshina.Repository", "src\Core\Yooshina.Repository\Yooshina.Repository.csproj", "{1395397D-998B-4E37-B726-8D805DD23CBD}"
EndProject
Project("{9A19103F-16F7-4668-BE54-9A1E7A4F7556}") = "Yooshina.CMSCore.Service", "src\Modules\CMSCore\Yooshina.CMSCore.Service\Yooshina.CMSCore.Service.csproj", "{42F8C41B-C6FB-4AE9-A6FD-10015DD11376}"
EndProject
Project("{9A19103F-16F7-4668-BE54-9A1E7A4F7556}") = "Yooshina.CMSCore.Web", "src\Modules\CMSCore\Yooshina.CMSCore.Web\Yooshina.CMSCore.Web.csproj", "{7E93685B-61B8-49C0-B8BF-2B9166E12E8F}"
EndProject
Project("{9A19103F-16F7-4668-BE54-9A1E7A4F7556}") = "Yooshina.Host", "src\Yooshina.Host\Yooshina.Host.csproj", "{F51F8546-15F5-495C-9D4F-A05CC523E374}"
EndProject
Project("{2150E333-8FDC-42A3-9474-1A3956D46DE8}") = "Components", "Components", "{5D0EC749-1122-42A9-BA81-D13071F20ACD}"
EndProject
Project("{9A19103F-16F7-4668-BE54-9A1E7A4F7556}") = "AspNetCore.Components", "src\Components\AspNetCore.MvcPager\AspNetCore.Components.csproj", "{C1ECE64E-68F4-4E3C-BF3F-BE0D037DB557}"
EndProject
Project("{FAE04EC0-301F-11D3-BF4B-00C04F79EFBC}") = "Yooshina.Web.Common", "Yooshina.Web.Common\Yooshina.Web.Common.csproj", "{E131BFB9-2FB1-4C00-8228-B441DB51F1BC}"
EndProject
Global
	GlobalSection(SolutionConfigurationPlatforms) = preSolution
		Debug|Any CPU = Debug|Any CPU
		Release|Any CPU = Release|Any CPU
	EndGlobalSection
	GlobalSection(ProjectConfigurationPlatforms) = postSolution
		{F2941F46-F442-43D5-8D60-D53E110C9FB2}.Debug|Any CPU.ActiveCfg = Debug|Any CPU
		{F2941F46-F442-43D5-8D60-D53E110C9FB2}.Debug|Any CPU.Build.0 = Debug|Any CPU
		{F2941F46-F442-43D5-8D60-D53E110C9FB2}.Release|Any CPU.ActiveCfg = Release|Any CPU
		{F2941F46-F442-43D5-8D60-D53E110C9FB2}.Release|Any CPU.Build.0 = Release|Any CPU
		{0C548C6C-F096-419E-9CB4-80A32DBE92EB}.Debug|Any CPU.ActiveCfg = Debug|Any CPU
		{0C548C6C-F096-419E-9CB4-80A32DBE92EB}.Debug|Any CPU.Build.0 = Debug|Any CPU
		{0C548C6C-F096-419E-9CB4-80A32DBE92EB}.Release|Any CPU.ActiveCfg = Release|Any CPU
		{0C548C6C-F096-419E-9CB4-80A32DBE92EB}.Release|Any CPU.Build.0 = Release|Any CPU
		{F0417B0A-E97E-4BCC-B5A5-6ABA94CADF83}.Debug|Any CPU.ActiveCfg = Debug|Any CPU
		{F0417B0A-E97E-4BCC-B5A5-6ABA94CADF83}.Debug|Any CPU.Build.0 = Debug|Any CPU
		{F0417B0A-E97E-4BCC-B5A5-6ABA94CADF83}.Release|Any CPU.ActiveCfg = Release|Any CPU
		{F0417B0A-E97E-4BCC-B5A5-6ABA94CADF83}.Release|Any CPU.Build.0 = Release|Any CPU
		{1395397D-998B-4E37-B726-8D805DD23CBD}.Debug|Any CPU.ActiveCfg = Debug|Any CPU
		{1395397D-998B-4E37-B726-8D805DD23CBD}.Debug|Any CPU.Build.0 = Debug|Any CPU
		{1395397D-998B-4E37-B726-8D805DD23CBD}.Release|Any CPU.ActiveCfg = Release|Any CPU
		{1395397D-998B-4E37-B726-8D805DD23CBD}.Release|Any CPU.Build.0 = Release|Any CPU
		{42F8C41B-C6FB-4AE9-A6FD-10015DD11376}.Debug|Any CPU.ActiveCfg = Debug|Any CPU
		{42F8C41B-C6FB-4AE9-A6FD-10015DD11376}.Debug|Any CPU.Build.0 = Debug|Any CPU
		{42F8C41B-C6FB-4AE9-A6FD-10015DD11376}.Release|Any CPU.ActiveCfg = Release|Any CPU
		{42F8C41B-C6FB-4AE9-A6FD-10015DD11376}.Release|Any CPU.Build.0 = Release|Any CPU
		{7E93685B-61B8-49C0-B8BF-2B9166E12E8F}.Debug|Any CPU.ActiveCfg = Debug|Any CPU
		{7E93685B-61B8-49C0-B8BF-2B9166E12E8F}.Debug|Any CPU.Build.0 = Debug|Any CPU
		{7E93685B-61B8-49C0-B8BF-2B9166E12E8F}.Release|Any CPU.ActiveCfg = Release|Any CPU
		{7E93685B-61B8-49C0-B8BF-2B9166E12E8F}.Release|Any CPU.Build.0 = Release|Any CPU
		{F51F8546-15F5-495C-9D4F-A05CC523E374}.Debug|Any CPU.ActiveCfg = Debug|Any CPU
		{F51F8546-15F5-495C-9D4F-A05CC523E374}.Debug|Any CPU.Build.0 = Debug|Any CPU
		{F51F8546-15F5-495C-9D4F-A05CC523E374}.Release|Any CPU.ActiveCfg = Release|Any CPU
		{F51F8546-15F5-495C-9D4F-A05CC523E374}.Release|Any CPU.Build.0 = Release|Any CPU
		{C1ECE64E-68F4-4E3C-BF3F-BE0D037DB557}.Debug|Any CPU.ActiveCfg = Debug|Any CPU
		{C1ECE64E-68F4-4E3C-BF3F-BE0D037DB557}.Debug|Any CPU.Build.0 = Debug|Any CPU
		{C1ECE64E-68F4-4E3C-BF3F-BE0D037DB557}.Release|Any CPU.ActiveCfg = Release|Any CPU
		{C1ECE64E-68F4-4E3C-BF3F-BE0D037DB557}.Release|Any CPU.Build.0 = Release|Any CPU
		{E131BFB9-2FB1-4C00-8228-B441DB51F1BC}.Debug|Any CPU.ActiveCfg = Debug|Any CPU
		{E131BFB9-2FB1-4C00-8228-B441DB51F1BC}.Debug|Any CPU.Build.0 = Debug|Any CPU
		{E131BFB9-2FB1-4C00-8228-B441DB51F1BC}.Release|Any CPU.ActiveCfg = Release|Any CPU
		{E131BFB9-2FB1-4C00-8228-B441DB51F1BC}.Release|Any CPU.Build.0 = Release|Any CPU
	EndGlobalSection
	GlobalSection(SolutionProperties) = preSolution
		HideSolutionNode = FALSE
	EndGlobalSection
	GlobalSection(NestedProjects) = preSolution
		{ACCAF020-C4EB-4412-8CA3-41EB27FBDAFB} = {10D8E54E-1058-4834-A19E-64515D0E9F6D}
		{10BAC5B3-1A22-401D-90B4-146E07F71CE6} = {10D8E54E-1058-4834-A19E-64515D0E9F6D}
		{A969EA5A-E0AE-47E0-ADEF-53C37131F485} = {10D8E54E-1058-4834-A19E-64515D0E9F6D}
		{F2941F46-F442-43D5-8D60-D53E110C9FB2} = {A969EA5A-E0AE-47E0-ADEF-53C37131F485}
		{0C548C6C-F096-419E-9CB4-80A32DBE92EB} = {ACCAF020-C4EB-4412-8CA3-41EB27FBDAFB}
		{F0417B0A-E97E-4BCC-B5A5-6ABA94CADF83} = {ACCAF020-C4EB-4412-8CA3-41EB27FBDAFB}
		{AEC790C5-192D-495C-B03D-9658C8FFF7BD} = {10BAC5B3-1A22-401D-90B4-146E07F71CE6}
		{1395397D-998B-4E37-B726-8D805DD23CBD} = {ACCAF020-C4EB-4412-8CA3-41EB27FBDAFB}
		{42F8C41B-C6FB-4AE9-A6FD-10015DD11376} = {AEC790C5-192D-495C-B03D-9658C8FFF7BD}
		{7E93685B-61B8-49C0-B8BF-2B9166E12E8F} = {AEC790C5-192D-495C-B03D-9658C8FFF7BD}
		{F51F8546-15F5-495C-9D4F-A05CC523E374} = {10D8E54E-1058-4834-A19E-64515D0E9F6D}
		{5D0EC749-1122-42A9-BA81-D13071F20ACD} = {10D8E54E-1058-4834-A19E-64515D0E9F6D}
		{C1ECE64E-68F4-4E3C-BF3F-BE0D037DB557} = {5D0EC749-1122-42A9-BA81-D13071F20ACD}
		{E131BFB9-2FB1-4C00-8228-B441DB51F1BC} = {ACCAF020-C4EB-4412-8CA3-41EB27FBDAFB}
	EndGlobalSection
	GlobalSection(ExtensibilityGlobals) = postSolution
		SolutionGuid = {808D0F02-7A1D-4C2D-B3EC-C5FE40B6ED47}
	EndGlobalSection
EndGlobal
